{
  "nodes": {
    "nixpkgs": {
      "locked": {
        "lastModified": 1708181969,
        "narHash": "sha256-MkKnDmjh1aii353ExiP2SlLyb42+0Emkd/QQqKnMmxI=",
        "owner": "NixOS",
        "repo": "nixpkgs",
        "rev": "3fc9135ae88ac248252520930753eb74979a9030",
        "type": "github"
      },
      "original": {
        "owner": "NixOS",
        "repo": "nixpkgs",
        "type": "github"
      }
    },
    "root": {
      "inputs": {
        "nixpkgs": "nixpkgs"
      }
    }
  },
  "root": "root",
  "version": 7
}
